// !$*UTF8*$!
{
	archiveVersion = 1;
	classes = {
	};
	objectVersion = 50;
	objects = {

/* Begin PBXBuildFile section */
		10BA00C321138FA3005F3618 /* AppDelegate.swift in Sources */ = {isa = PBXBuildFile; fileRef = 10BA00C221138FA3005F3618 /* AppDelegate.swift */; };
		10BA00C821138FA3005F3618 /* Main.storyboard in Resources */ = {isa = PBXBuildFile; fileRef = 10BA00C621138FA3005F3618 /* Main.storyboard */; };
		10BA00CA21138FA4005F3618 /* Assets.xcassets in Resources */ = {isa = PBXBuildFile; fileRef = 10BA00C921138FA4005F3618 /* Assets.xcassets */; };
		10BA00CD21138FA4005F3618 /* LaunchScreen.storyboard in Resources */ = {isa = PBXBuildFile; fileRef = 10BA00CB21138FA4005F3618 /* LaunchScreen.storyboard */; };
		10BA00D721139105005F3618 /* Photo.swift in Sources */ = {isa = PBXBuildFile; fileRef = 10BA00D621139105005F3618 /* Photo.swift */; };
		10BA00DB2113917D005F3618 /* PhotoController.swift in Sources */ = {isa = PBXBuildFile; fileRef = 10BA00DA2113917D005F3618 /* PhotoController.swift */; };
		10BA00DD21139390005F3618 /* ThemeHelper.swift in Sources */ = {isa = PBXBuildFile; fileRef = 10BA00DC21139390005F3618 /* ThemeHelper.swift */; };
		10BA00DF211398C9005F3618 /* PhotosCollectionViewController.swift in Sources */ = {isa = PBXBuildFile; fileRef = 10BA00DE211398C9005F3618 /* PhotosCollectionViewController.swift */; };
		10BA00E121139A42005F3618 /* PhotosCollectionViewCell.swift in Sources */ = {isa = PBXBuildFile; fileRef = 10BA00E021139A42005F3618 /* PhotosCollectionViewCell.swift */; };
		10BA00E321139B9D005F3618 /* PhotoDetailViewController.swift in Sources */ = {isa = PBXBuildFile; fileRef = 10BA00E221139B9D005F3618 /* PhotoDetailViewController.swift */; };
		10BA00E521139F39005F3618 /* ThemeSelectionViewController.swift in Sources */ = {isa = PBXBuildFile; fileRef = 10BA00E421139F39005F3618 /* ThemeSelectionViewController.swift */; };
/* End PBXBuildFile section */

/* Begin PBXFileReference section */
		10BA00BF21138FA3005F3618 /* PhotoCollection.app */ = {isa = PBXFileReference; explicitFileType = wrapper.application; includeInIndex = 0; path = PhotoCollection.app; sourceTree = BUILT_PRODUCTS_DIR; };
		10BA00C221138FA3005F3618 /* AppDelegate.swift */ = {isa = PBXFileReference; lastKnownFileType = sourcecode.swift; path = AppDelegate.swift; sourceTree = "<group>"; };
		10BA00C721138FA3005F3618 /* Base */ = {isa = PBXFileReference; lastKnownFileType = file.storyboard; name = Base; path = Base.lproj/Main.storyboard; sourceTree = "<group>"; };
		10BA00C921138FA4005F3618 /* Assets.xcassets */ = {isa = PBXFileReference; lastKnownFileType = folder.assetcatalog; path = Assets.xcassets; sourceTree = "<group>"; };
		10BA00CC21138FA4005F3618 /* Base */ = {isa = PBXFileReference; lastKnownFileType = file.storyboard; name = Base; path = Base.lproj/LaunchScreen.storyboard; sourceTree = "<group>"; };
		10BA00CE21138FA4005F3618 /* Info.plist */ = {isa = PBXFileReference; lastKnownFileType = text.plist.xml; path = Info.plist; sourceTree = "<group>"; };
		10BA00D621139105005F3618 /* Photo.swift */ = {isa = PBXFileReference; lastKnownFileType = sourcecode.swift; path = Photo.swift; sourceTree = "<group>"; };
		10BA00DA2113917D005F3618 /* PhotoController.swift */ = {isa = PBXFileReference; lastKnownFileType = sourcecode.swift; path = PhotoController.swift; sourceTree = "<group>"; };
		10BA00DC21139390005F3618 /* ThemeHelper.swift */ = {isa = PBXFileReference; lastKnownFileType = sourcecode.swift; path = ThemeHelper.swift; sourceTree = "<group>"; };
		10BA00DE211398C9005F3618 /* PhotosCollectionViewController.swift */ = {isa = PBXFileReference; lastKnownFileType = sourcecode.swift; path = PhotosCollectionViewController.swift; sourceTree = "<group>"; };
		10BA00E021139A42005F3618 /* PhotosCollectionViewCell.swift */ = {isa = PBXFileReference; lastKnownFileType = sourcecode.swift; path = PhotosCollectionViewCell.swift; sourceTree = "<group>"; };
		10BA00E221139B9D005F3618 /* PhotoDetailViewController.swift */ = {isa = PBXFileReference; lastKnownFileType = sourcecode.swift; path = PhotoDetailViewController.swift; sourceTree = "<group>"; };
		10BA00E421139F39005F3618 /* ThemeSelectionViewController.swift */ = {isa = PBXFileReference; lastKnownFileType = sourcecode.swift; path = ThemeSelectionViewController.swift; sourceTree = "<group>"; };
/* End PBXFileReference section */

/* Begin PBXFrameworksBuildPhase section */
		10BA00BC21138FA3005F3618 /* Frameworks */ = {
			isa = PBXFrameworksBuildPhase;
			buildActionMask = 2147483647;
			files = (
			);
			runOnlyForDeploymentPostprocessing = 0;
		};
/* End PBXFrameworksBuildPhase section */

/* Begin PBXGroup section */
		10BA00B621138FA3005F3618 = {
			isa = PBXGroup;
			children = (
				10BA00C121138FA3005F3618 /* PhotoCollection */,
				10BA00C021138FA3005F3618 /* Products */,
			);
			sourceTree = "<group>";
		};
		10BA00C021138FA3005F3618 /* Products */ = {
			isa = PBXGroup;
			children = (
				10BA00BF21138FA3005F3618 /* PhotoCollection.app */,
			);
			name = Products;
			sourceTree = "<group>";
		};
		10BA00C121138FA3005F3618 /* PhotoCollection */ = {
			isa = PBXGroup;
			children = (
				10BA00C621138FA3005F3618 /* Main.storyboard */,
				10BA00D92113916E005F3618 /* Model and Model Controllers */,
				10BA00D521139081005F3618 /* View Controller */,
				10BA00D421139018005F3618 /* Resources */,
			);
			path = PhotoCollection;
			sourceTree = "<group>";
		};
		10BA00D421139018005F3618 /* Resources */ = {
			isa = PBXGroup;
			children = (
				10BA00E021139A42005F3618 /* PhotosCollectionViewCell.swift */,
				10BA00DC21139390005F3618 /* ThemeHelper.swift */,
				10BA00C221138FA3005F3618 /* AppDelegate.swift */,
				10BA00C921138FA4005F3618 /* Assets.xcassets */,
				10BA00CB21138FA4005F3618 /* LaunchScreen.storyboard */,
				10BA00CE21138FA4005F3618 /* Info.plist */,
			);
			path = Resources;
			sourceTree = "<group>";
		};
		10BA00D521139081005F3618 /* View Controller */ = {
			isa = PBXGroup;
			children = (
				10BA00DE211398C9005F3618 /* PhotosCollectionViewController.swift */,
				10BA00E221139B9D005F3618 /* PhotoDetailViewController.swift */,
				10BA00E421139F39005F3618 /* ThemeSelectionViewController.swift */,
			);
			path = "View Controller";
			sourceTree = "<group>";
		};
		10BA00D92113916E005F3618 /* Model and Model Controllers */ = {
			isa = PBXGroup;
			children = (
				10BA00D621139105005F3618 /* Photo.swift */,
				10BA00DA2113917D005F3618 /* PhotoController.swift */,
			);
			path = "Model and Model Controllers";
			sourceTree = "<group>";
		};
/* End PBXGroup section */

/* Begin PBXNativeTarget section */
		10BA00BE21138FA3005F3618 /* PhotoCollection */ = {
			isa = PBXNativeTarget;
			buildConfigurationList = 10BA00D121138FA4005F3618 /* Build configuration list for PBXNativeTarget "PhotoCollection" */;
			buildPhases = (
				10BA00BB21138FA3005F3618 /* Sources */,
				10BA00BC21138FA3005F3618 /* Frameworks */,
				10BA00BD21138FA3005F3618 /* Resources */,
			);
			buildRules = (
			);
			dependencies = (
			);
			name = PhotoCollection;
			productName = PhotoCollection;
			productReference = 10BA00BF21138FA3005F3618 /* PhotoCollection.app */;
			productType = "com.apple.product-type.application";
		};
/* End PBXNativeTarget section */

/* Begin PBXProject section */
		10BA00B721138FA3005F3618 /* Project object */ = {
			isa = PBXProject;
			attributes = {
				LastSwiftUpdateCheck = 0940;
				LastUpgradeCheck = 0940;
				ORGANIZATIONNAME = "Andrew Liao";
				TargetAttributes = {
					10BA00BE21138FA3005F3618 = {
						CreatedOnToolsVersion = 9.4.1;
					};
				};
			};
			buildConfigurationList = 10BA00BA21138FA3005F3618 /* Build configuration list for PBXProject "PhotoCollection" */;
			compatibilityVersion = "Xcode 9.3";
			developmentRegion = en;
			hasScannedForEncodings = 0;
			knownRegions = (
				en,
				Base,
			);
			mainGroup = 10BA00B621138FA3005F3618;
			productRefGroup = 10BA00C021138FA3005F3618 /* Products */;
			projectDirPath = "";
			projectRoot = "";
			targets = (
				10BA00BE21138FA3005F3618 /* PhotoCollection */,
			);
		};
/* End PBXProject section */

/* Begin PBXResourcesBuildPhase section */
		10BA00BD21138FA3005F3618 /* Resources */ = {
			isa = PBXResourcesBuildPhase;
			buildActionMask = 2147483647;
			files = (
				10BA00CD21138FA4005F3618 /* LaunchScreen.storyboard in Resources */,
				10BA00CA21138FA4005F3618 /* Assets.xcassets in Resources */,
				10BA00C821138FA3005F3618 /* Main.storyboard in Resources */,
			);
			runOnlyForDeploymentPostprocessing = 0;
		};
/* End PBXResourcesBuildPhase section */

/* Begin PBXSourcesBuildPhase section */
		10BA00BB21138FA3005F3618 /* Sources */ = {
			isa = PBXSourcesBuildPhase;
			buildActionMask = 2147483647;
			files = (
				10BA00D721139105005F3618 /* Photo.swift in Sources */,
				10BA00E521139F39005F3618 /* ThemeSelectionViewController.swift in Sources */,
				10BA00DB2113917D005F3618 /* PhotoController.swift in Sources */,
				10BA00DF211398C9005F3618 /* PhotosCollectionViewController.swift in Sources */,
				10BA00E321139B9D005F3618 /* PhotoDetailViewController.swift in Sources */,
				10BA00DD21139390005F3618 /* ThemeHelper.swift in Sources */,
				10BA00C321138FA3005F3618 /* AppDelegate.swift in Sources */,
				10BA00E121139A42005F3618 /* PhotosCollectionViewCell.swift in Sources */,
			);
			runOnlyForDeploymentPostprocessing = 0;
		};
/* End PBXSourcesBuildPhase section */

/* Begin PBXVariantGroup section */
		10BA00C621138FA3005F3618 /* Main.storyboard */ = {
			isa = PBXVariantGroup;
			children = (
				10BA00C721138FA3005F3618 /* Base */,
			);
			name = Main.storyboard;
			sourceTree = "<group>";
		};
		10BA00CB21138FA4005F3618 /* LaunchScreen.storyboard */ = {
			isa = PBXVariantGroup;
			children = (
				10BA00CC21138FA4005F3618 /* Base */,
			);
			name = LaunchScreen.storyboard;
			sourceTree = "<group>";
		};
/* End PBXVariantGroup section */

/* Begin XCBuildConfiguration section */
		10BA00CF21138FA4005F3618 /* Debug */ = {
			isa = XCBuildConfiguration;
			buildSettings = {
				ALWAYS_SEARCH_USER_PATHS = NO;
				CLANG_ANALYZER_NONNULL = YES;
				CLANG_ANALYZER_NUMBER_OBJECT_CONVERSION = YES_AGGRESSIVE;
				CLANG_CXX_LANGUAGE_STANDARD = "gnu++14";
				CLANG_CXX_LIBRARY = "libc++";
				CLANG_ENABLE_MODULES = YES;
				CLANG_ENABLE_OBJC_ARC = YES;
				CLANG_ENABLE_OBJC_WEAK = YES;
				CLANG_WARN_BLOCK_CAPTURE_AUTORELEASING = YES;
				CLANG_WARN_BOOL_CONVERSION = YES;
				CLANG_WARN_COMMA = YES;
				CLANG_WARN_CONSTANT_CONVERSION = YES;
				CLANG_WARN_DEPRECATED_OBJC_IMPLEMENTATIONS = YES;
				CLANG_WARN_DIRECT_OBJC_ISA_USAGE = YES_ERROR;
				CLANG_WARN_DOCUMENTATION_COMMENTS = YES;
				CLANG_WARN_EMPTY_BODY = YES;
				CLANG_WARN_ENUM_CONVERSION = YES;
				CLANG_WARN_INFINITE_RECURSION = YES;
				CLANG_WARN_INT_CONVERSION = YES;
				CLANG_WARN_NON_LITERAL_NULL_CONVERSION = YES;
				CLANG_WARN_OBJC_IMPLICIT_RETAIN_SELF = YES;
				CLANG_WARN_OBJC_LITERAL_CONVERSION = YES;
				CLANG_WARN_OBJC_ROOT_CLASS = YES_ERROR;
				CLANG_WARN_RANGE_LOOP_ANALYSIS = YES;
				CLANG_WARN_STRICT_PROTOTYPES = YES;
				CLANG_WARN_SUSPICIOUS_MOVE = YES;
				CLANG_WARN_UNGUARDED_AVAILABILITY = YES_AGGRESSIVE;
				CLANG_WARN_UNREACHABLE_CODE = YES;
				CLANG_WARN__DUPLICATE_METHOD_MATCH = YES;
				CODE_SIGN_IDENTITY = "iPhone Developer";
				COPY_PHASE_STRIP = NO;
				DEBUG_INFORMATION_FORMAT = dwarf;
				ENABLE_STRICT_OBJC_MSGSEND = YES;
				ENABLE_TESTABILITY = YES;
				GCC_C_LANGUAGE_STANDARD = gnu11;
				GCC_DYNAMIC_NO_PIC = NO;
				GCC_NO_COMMON_BLOCKS = YES;
				GCC_OPTIMIZATION_LEVEL = 0;
				GCC_PREPROCESSOR_DEFINITIONS = (
					"DEBUG=1",
					"$(inherited)",
				);
				GCC_WARN_64_TO_32_BIT_CONVERSION = YES;
				GCC_WARN_ABOUT_RETURN_TYPE = YES_ERROR;
				GCC_WARN_UNDECLARED_SELECTOR = YES;
				GCC_WARN_UNINITIALIZED_AUTOS = YES_AGGRESSIVE;
				GCC_WARN_UNUSED_FUNCTION = YES;
				GCC_WARN_UNUSED_VARIABLE = YES;
				IPHONEOS_DEPLOYMENT_TARGET = 11.4;
				MTL_ENABLE_DEBUG_INFO = YES;
				ONLY_ACTIVE_ARCH = YES;
				SDKROOT = iphoneos;
				SWIFT_ACTIVE_COMPILATION_CONDITIONS = DEBUG;
				SWIFT_OPTIMIZATION_LEVEL = "-Onone";
			};
			name = Debug;
		};
		10BA00D021138FA4005F3618 /* Release */ = {
			isa = XCBuildConfiguration;
			buildSettings = {
				ALWAYS_SEARCH_USER_PATHS = NO;
				CLANG_ANALYZER_NONNULL = YES;
				CLANG_ANALYZER_NUMBER_OBJECT_CONVERSION = YES_AGGRESSIVE;
				CLANG_CXX_LANGUAGE_STANDARD = "gnu++14";
				CLANG_CXX_LIBRARY = "libc++";
				CLANG_ENABLE_MODULES = YES;
				CLANG_ENABLE_OBJC_ARC = YES;
				CLANG_ENABLE_OBJC_WEAK = YES;
				CLANG_WARN_BLOCK_CAPTURE_AUTORELEASING = YES;
				CLANG_WARN_BOOL_CONVERSION = YES;
				CLANG_WARN_COMMA = YES;
				CLANG_WARN_CONSTANT_CONVERSION = YES;
				CLANG_WARN_DEPRECATED_OBJC_IMPLEMENTATIONS = YES;
				CLANG_WARN_DIRECT_OBJC_ISA_USAGE = YES_ERROR;
				CLANG_WARN_DOCUMENTATION_COMMENTS = YES;
				CLANG_WARN_EMPTY_BODY = YES;
				CLANG_WARN_ENUM_CONVERSION = YES;
				CLANG_WARN_INFINITE_RECURSION = YES;
				CLANG_WARN_INT_CONVERSION = YES;
				CLANG_WARN_NON_LITERAL_NULL_CONVERSION = YES;
				CLANG_WARN_OBJC_IMPLICIT_RETAIN_SELF = YES;
				CLANG_WARN_OBJC_LITERAL_CONVERSION = YES;
				CLANG_WARN_OBJC_ROOT_CLASS = YES_ERROR;
				CLANG_WARN_RANGE_LOOP_ANALYSIS = YES;
				CLANG_WARN_STRICT_PROTOTYPES = YES;
				CLANG_WARN_SUSPICIOUS_MOVE = YES;
				CLANG_WARN_UNGUARDED_AVAILABILITY = YES_AGGRESSIVE;
				CLANG_WARN_UNREACHABLE_CODE = YES;
				CLANG_WARN__DUPLICATE_METHOD_MATCH = YES;
				CODE_SIGN_IDENTITY = "iPhone Developer";
				COPY_PHASE_STRIP = NO;
				DEBUG_INFORMATION_FORMAT = "dwarf-with-dsym";
				ENABLE_NS_ASSERTIONS = NO;
				ENABLE_STRICT_OBJC_MSGSEND = YES;
				GCC_C_LANGUAGE_STANDARD = gnu11;
				GCC_NO_COMMON_BLOCKS = YES;
				GCC_WARN_64_TO_32_BIT_CONVERSION = YES;
				GCC_WARN_ABOUT_RETURN_TYPE = YES_ERROR;
				GCC_WARN_UNDECLARED_SELECTOR = YES;
				GCC_WARN_UNINITIALIZED_AUTOS = YES_AGGRESSIVE;
				GCC_WARN_UNUSED_FUNCTION = YES;
				GCC_WARN_UNUSED_VARIABLE = YES;
				IPHONEOS_DEPLOYMENT_TARGET = 11.4;
				MTL_ENABLE_DEBUG_INFO = NO;
				SDKROOT = iphoneos;
				SWIFT_COMPILATION_MODE = wholemodule;
				SWIFT_OPTIMIZATION_LEVEL = "-O";
				VALIDATE_PRODUCT = YES;
			};
			name = Release;
		};
		10BA00D221138FA4005F3618 /* Debug */ = {
			isa = XCBuildConfiguration;
			buildSettings = {
				ASSETCATALOG_COMPILER_APPICON_NAME = AppIcon;
				CODE_SIGN_STYLE = Automatic;
				DEVELOPMENT_TEAM = 579Y2HH9JP;
				INFOPLIST_FILE = "$(SRCROOT)/PhotoCollection/Resources/Info.plist";
				LD_RUNPATH_SEARCH_PATHS = (
					"$(inherited)",
					"@executable_path/Frameworks",
				);
				PRODUCT_BUNDLE_IDENTIFIER = andrew.PhotoCollection;
				PRODUCT_NAME = "$(TARGET_NAME)";
				SWIFT_VERSION = 4.0;
				TARGETED_DEVICE_FAMILY = "1,2";
			};
			name = Debug;
		};
		10BA00D321138FA4005F3618 /* Release */ = {
			isa = XCBuildConfiguration;
			buildSettings = {
				ASSETCATALOG_COMPILER_APPICON_NAME = AppIcon;
				CODE_SIGN_STYLE = Automatic;
				DEVELOPMENT_TEAM = 579Y2HH9JP;
				INFOPLIST_FILE = "$(SRCROOT)/PhotoCollection/Resources/Info.plist";
				LD_RUNPATH_SEARCH_PATHS = (
					"$(inherited)",
					"@executable_path/Frameworks",
				);
				PRODUCT_BUNDLE_IDENTIFIER = andrew.PhotoCollection;
				PRODUCT_NAME = "$(TARGET_NAME)";
				SWIFT_VERSION = 4.0;
				TARGETED_DEVICE_FAMILY = "1,2";
			};
			name = Release;
		};
/* End XCBuildConfiguration section */

/* Begin XCConfigurationList section */
		10BA00BA21138FA3005F3618 /* Build configuration list for PBXProject "PhotoCollection" */ = {
			isa = XCConfigurationList;
			buildConfigurations = (
				10BA00CF21138FA4005F3618 /* Debug */,
				10BA00D021138FA4005F3618 /* Release */,
			);
			defaultConfigurationIsVisible = 0;
			defaultConfigurationName = Release;
		};
		10BA00D121138FA4005F3618 /* Build configuration list for PBXNativeTarget "PhotoCollection" */ = {
			isa = XCConfigurationList;
			buildConfigurations = (
				10BA00D221138FA4005F3618 /* Debug */,
				10BA00D321138FA4005F3618 /* Release */,
			);
			defaultConfigurationIsVisible = 0;
			defaultConfigurationName = Release;
		};
/* End XCConfigurationList section */
	};
	rootObject = 10BA00B721138FA3005F3618 /* Project object */;
}
